
Microsoft Visual Studio Solution File, Format Version 12.00
# Visual Studio Version 16
VisualStudioVersion = 16.0.31729.503
MinimumVisualStudioVersion = 10.0.40219.1
Project("{FAE04EC0-301F-11D3-BF4B-00C04F79EFBC}") = "Kantor_WebAPI", "Kantor_WebAPI\Kantor_WebAPI.csproj", "{653EDB26-8763-4D1D-98F8-0B48B63BAFBF}"
EndProject
Global
	GlobalSection(SolutionConfigurationPlatforms) = preSolution
		Debug|Any CPU = Debug|Any CPU
		Release|Any CPU = Release|Any CPU
	EndGlobalSection
	GlobalSection(ProjectConfigurationPlatforms) = postSolution
		{653EDB26-8763-4D1D-98F8-0B48B63BAFBF}.Debug|Any CPU.ActiveCfg = Debug|Any CPU
		{653EDB26-8763-4D1D-98F8-0B48B63BAFBF}.Debug|Any CPU.Build.0 = Debug|Any CPU
		{653EDB26-8763-4D1D-98F8-0B48B63BAFBF}.Release|Any CPU.ActiveCfg = Release|Any CPU
		{653EDB26-8763-4D1D-98F8-0B48B63BAFBF}.Release|Any CPU.Build.0 = Release|Any CPU
	EndGlobalSection
	GlobalSection(SolutionProperties) = preSolution
		HideSolutionNode = FALSE
	EndGlobalSection
	GlobalSection(ExtensibilityGlobals) = postSolution
		SolutionGuid = {106BB7B7-F47C-43C5-8F9D-8169F442B1A9}
	EndGlobalSection
EndGlobal
